{
	"name": "se101spaceship",
	"version": "1.0.0",
	"lockfileVersion": 2,
	"requires": true,
	"packages": {
		"": {
			"name": "se101spaceship",
			"version": "1.0.0",
			"license": "ISC",
			"dependencies": {
				"node-pid-controller": "^1.0.1",
				"typescript": "^4.6.4"
			}
		},
		"node_modules/node-pid-controller": {
			"version": "1.0.1",
			"resolved": "https://registry.npmjs.org/node-pid-controller/-/node-pid-controller-1.0.1.tgz",
			"integrity": "sha512-36gdeRz2emhIsznLpXksJSqmR13NU3vR+rkRlfHWCGGlZu9fK+dcTPRpud0FiH6b2Nhwm0kbcVk7vXFlg8Sw1w==",
			"engines": {
				"node": ">= v4.0.0"
			}
		},
		"node_modules/typescript": {
			"version": "4.6.4",
			"resolved": "https://registry.npmjs.org/typescript/-/typescript-4.6.4.tgz",
			"integrity": "sha512-9ia/jWHIEbo49HfjrLGfKbZSuWo9iTMwXO+Ca3pRsSpbsMbc7/IU8NKdCZVRRBafVPGnoJeFL76ZOAA84I9fEg==",
			"bin": {
				"tsc": "bin/tsc",
				"tsserver": "bin/tsserver"
			},
			"engines": {
				"node": ">=4.2.0"
			}
		}
	},
	"dependencies": {
		"node-pid-controller": {
			"version": "1.0.1",
			"resolved": "https://registry.npmjs.org/node-pid-controller/-/node-pid-controller-1.0.1.tgz",
			"integrity": "sha512-36gdeRz2emhIsznLpXksJSqmR13NU3vR+rkRlfHWCGGlZu9fK+dcTPRpud0FiH6b2Nhwm0kbcVk7vXFlg8Sw1w=="
		},
		"typescript": {
			"version": "4.6.4",
			"resolved": "https://registry.npmjs.org/typescript/-/typescript-4.6.4.tgz",
			"integrity": "sha512-9ia/jWHIEbo49HfjrLGfKbZSuWo9iTMwXO+Ca3pRsSpbsMbc7/IU8NKdCZVRRBafVPGnoJeFL76ZOAA84I9fEg=="
		}
	}
}
